{
  "nodes": {
    "easy-purescript-nix-source": {
      "flake": false,
      "locked": {
        "lastModified": 1643701815,
        "narHash": "sha256-0o4s6xvsbOrAqSu2ue2fEdSh0TuNXnQpTAIlbVKAkJA=",
        "owner": "justinwoo",
        "repo": "easy-purescript-nix",
        "rev": "b6d056937dd6851110574462aac92afc77334301",
        "type": "github"
      },
      "original": {
        "owner": "justinwoo",
        "repo": "easy-purescript-nix",
        "type": "github"
      }
    },
    "flake-compat": {
      "flake": false,
      "locked": {
        "lastModified": 1641205782,
        "narHash": "sha256-4jY7RCWUoZ9cKD8co0/4tFARpWB+57+r1bLLvXNJliY=",
        "owner": "edolstra",
        "repo": "flake-compat",
        "rev": "b7547d3eed6f32d06102ead8991ec52ab0a4f1a7",
        "type": "github"
      },
      "original": {
        "owner": "edolstra",
        "repo": "flake-compat",
        "type": "github"
      }
    },
    "flake-utils": {
      "locked": {
        "lastModified": 1644229661,
        "narHash": "sha256-1YdnJAsNy69bpcjuoKdOYQX0YxZBiCYZo4Twxerqv7k=",
        "owner": "numtide",
        "repo": "flake-utils",
        "rev": "3cecb5b042f7f209c56ffd8371b2711a290ec797",
        "type": "github"
      },
      "original": {
        "owner": "numtide",
        "repo": "flake-utils",
        "type": "github"
      }
    },
    "nixpkgs": {
      "locked": {
        "lastModified": 1644392307,
        "narHash": "sha256-eGe5+voXTP3BBGAnJw5pYUT6mIWroogSPgOiAg0feIU=",
        "owner": "nixos",
        "repo": "nixpkgs",
        "rev": "f35c016749d4dda82c13adb7d83d38cb38ab4d04",
        "type": "github"
      },
      "original": {
        "owner": "nixos",
        "repo": "nixpkgs",
        "type": "github"
      }
    },
    "root": {
      "inputs": {
        "easy-purescript-nix-source": "easy-purescript-nix-source",
        "flake-compat": "flake-compat",
        "flake-utils": "flake-utils",
        "nixpkgs": "nixpkgs"
      }
    }
  },
  "root": "root",
  "version": 7
}
