{
  "nodes": {
    "easy-purescript-nix-source": {
      "flake": false,
      "locked": {
        "lastModified": 1652381155,
        "narHash": "sha256-uKMxTUTfDBgoPfn3LomGI5H6CbmHu6Cq/3M16jHC5jc=",
        "owner": "justinwoo",
        "repo": "easy-purescript-nix",
        "rev": "9a44ddfad868fe804e22973d32839c2f2167571c",
        "type": "github"
      },
      "original": {
        "owner": "justinwoo",
        "repo": "easy-purescript-nix",
        "type": "github"
      }
    },
    "flake-compat": {
      "flake": false,
      "locked": {
        "lastModified": 1650374568,
        "narHash": "sha256-Z+s0J8/r907g149rllvwhb4pKi8Wam5ij0st8PwAh+E=",
        "owner": "edolstra",
        "repo": "flake-compat",
        "rev": "b4a34015c698c7793d592d66adbab377907a2be8",
        "type": "github"
      },
      "original": {
        "owner": "edolstra",
        "repo": "flake-compat",
        "type": "github"
      }
    },
    "flake-utils": {
      "locked": {
        "lastModified": 1652776076,
        "narHash": "sha256-gzTw/v1vj4dOVbpBSJX4J0DwUR6LIyXo7/SuuTJp1kM=",
        "owner": "numtide",
        "repo": "flake-utils",
        "rev": "04c1b180862888302ddfb2e3ad9eaa63afc60cf8",
        "type": "github"
      },
      "original": {
        "owner": "numtide",
        "repo": "flake-utils",
        "type": "github"
      }
    },
    "nixpkgs": {
      "locked": {
        "lastModified": 1652790676,
        "narHash": "sha256-qEfIId7RpSbk3Te7srSUoWk4CBPC+Pr1NaS7QI75WCg=",
        "owner": "nixos",
        "repo": "nixpkgs",
        "rev": "f423066be2adcb6436c94302a518346ec000e404",
        "type": "github"
      },
      "original": {
        "owner": "nixos",
        "repo": "nixpkgs",
        "type": "github"
      }
    },
    "root": {
      "inputs": {
        "easy-purescript-nix-source": "easy-purescript-nix-source",
        "flake-compat": "flake-compat",
        "flake-utils": "flake-utils",
        "nixpkgs": "nixpkgs"
      }
    }
  },
  "root": "root",
  "version": 7
}
